<Solution>
  <Folder Name="/src/">
    <Project Path="DotnetApiSample.Api/DotnetApiSample.Api.csproj" />
    <Project Path="DotnetApiSample.Application/DotnetApiSample.Application.csproj" />
    <Project Path="DotnetApiSample.Domain/DotnetApiSample.Domain.csproj" />
    <Project Path="DotnetApiSample.Infrastructure/DotnetApiSample.Infrastructure.csproj" />
  </Folder>
  <Folder Name="/tests/">
    <Project Path="DotnetApiSample.IntegrationTests/DotnetApiSample.IntegrationTests.csproj" />
    <Project Path="DotnetApiSample.UnitTests/DotnetApiSample.UnitTests.csproj" />
  </Folder>
</Solution>
